
Microsoft Visual Studio Solution File, Format Version 12.00
# Visual Studio 2012
Project("{FAE04EC0-301F-11D3-BF4B-00C04F79EFBC}") = "QookleApp", "QookleApp\QookleApp.csproj", "{4E66386F-BFFA-470D-939C-6DAF81F9C03F}"
EndProject
Project("{FAE04EC0-301F-11D3-BF4B-00C04F79EFBC}") = "QookleApp.iOS", "iOS\QookleApp.iOS.csproj", "{95103682-64F6-427C-BD31-9CCF62A78C5A}"
EndProject
Project("{FAE04EC0-301F-11D3-BF4B-00C04F79EFBC}") = "QookleApp.Android", "Android\QookleApp.Android.csproj", "{0191C4AF-D09D-4C32-9220-121CA66223A4}"
EndProject
Global
	GlobalSection(SolutionConfigurationPlatforms) = preSolution
		Debug|Any CPU = Debug|Any CPU
		Release|Any CPU = Release|Any CPU
		Debug|iPhoneSimulator = Debug|iPhoneSimulator
		Release|iPhoneSimulator = Release|iPhoneSimulator
		Debug|iPhone = Debug|iPhone
		Release|iPhone = Release|iPhone
		Ad-Hoc|iPhone = Ad-Hoc|iPhone
		AppStore|iPhone = AppStore|iPhone
	EndGlobalSection
	GlobalSection(ProjectConfigurationPlatforms) = postSolution
		{4E66386F-BFFA-470D-939C-6DAF81F9C03F}.Ad-Hoc|iPhone.ActiveCfg = Debug|Any CPU
		{4E66386F-BFFA-470D-939C-6DAF81F9C03F}.Ad-Hoc|iPhone.Build.0 = Debug|Any CPU
		{4E66386F-BFFA-470D-939C-6DAF81F9C03F}.AppStore|iPhone.ActiveCfg = Debug|Any CPU
		{4E66386F-BFFA-470D-939C-6DAF81F9C03F}.AppStore|iPhone.Build.0 = Debug|Any CPU
		{4E66386F-BFFA-470D-939C-6DAF81F9C03F}.Debug|Any CPU.ActiveCfg = Debug|Any CPU
		{4E66386F-BFFA-470D-939C-6DAF81F9C03F}.Debug|Any CPU.Build.0 = Debug|Any CPU
		{4E66386F-BFFA-470D-939C-6DAF81F9C03F}.Debug|iPhone.ActiveCfg = Debug|Any CPU
		{4E66386F-BFFA-470D-939C-6DAF81F9C03F}.Debug|iPhone.Build.0 = Debug|Any CPU
		{4E66386F-BFFA-470D-939C-6DAF81F9C03F}.Debug|iPhoneSimulator.ActiveCfg = Debug|Any CPU
		{4E66386F-BFFA-470D-939C-6DAF81F9C03F}.Debug|iPhoneSimulator.Build.0 = Debug|Any CPU
		{4E66386F-BFFA-470D-939C-6DAF81F9C03F}.Release|Any CPU.ActiveCfg = Release|Any CPU
		{4E66386F-BFFA-470D-939C-6DAF81F9C03F}.Release|Any CPU.Build.0 = Release|Any CPU
		{4E66386F-BFFA-470D-939C-6DAF81F9C03F}.Release|iPhone.ActiveCfg = Release|Any CPU
		{4E66386F-BFFA-470D-939C-6DAF81F9C03F}.Release|iPhone.Build.0 = Release|Any CPU
		{4E66386F-BFFA-470D-939C-6DAF81F9C03F}.Release|iPhoneSimulator.ActiveCfg = Release|Any CPU
		{4E66386F-BFFA-470D-939C-6DAF81F9C03F}.Release|iPhoneSimulator.Build.0 = Release|Any CPU
		{95103682-64F6-427C-BD31-9CCF62A78C5A}.Ad-Hoc|iPhone.ActiveCfg = Ad-Hoc|iPhone
		{95103682-64F6-427C-BD31-9CCF62A78C5A}.Ad-Hoc|iPhone.Build.0 = Ad-Hoc|iPhone
		{95103682-64F6-427C-BD31-9CCF62A78C5A}.AppStore|iPhone.ActiveCfg = AppStore|iPhone
		{95103682-64F6-427C-BD31-9CCF62A78C5A}.AppStore|iPhone.Build.0 = AppStore|iPhone
		{95103682-64F6-427C-BD31-9CCF62A78C5A}.Debug|Any CPU.ActiveCfg = Debug|iPhoneSimulator
		{95103682-64F6-427C-BD31-9CCF62A78C5A}.Debug|Any CPU.Build.0 = Debug|iPhoneSimulator
		{95103682-64F6-427C-BD31-9CCF62A78C5A}.Debug|iPhone.ActiveCfg = Debug|iPhone
		{95103682-64F6-427C-BD31-9CCF62A78C5A}.Debug|iPhone.Build.0 = Debug|iPhone
		{95103682-64F6-427C-BD31-9CCF62A78C5A}.Debug|iPhoneSimulator.ActiveCfg = Debug|iPhoneSimulator
		{95103682-64F6-427C-BD31-9CCF62A78C5A}.Debug|iPhoneSimulator.Build.0 = Debug|iPhoneSimulator
		{95103682-64F6-427C-BD31-9CCF62A78C5A}.Release|Any CPU.ActiveCfg = Release|iPhoneSimulator
		{95103682-64F6-427C-BD31-9CCF62A78C5A}.Release|Any CPU.Build.0 = Release|iPhoneSimulator
		{95103682-64F6-427C-BD31-9CCF62A78C5A}.Release|iPhone.ActiveCfg = Release|iPhone
		{95103682-64F6-427C-BD31-9CCF62A78C5A}.Release|iPhone.Build.0 = Release|iPhone
		{95103682-64F6-427C-BD31-9CCF62A78C5A}.Release|iPhoneSimulator.ActiveCfg = Release|iPhoneSimulator
		{95103682-64F6-427C-BD31-9CCF62A78C5A}.Release|iPhoneSimulator.Build.0 = Release|iPhoneSimulator
	EndGlobalSection
	GlobalSection(MonoDevelopProperties) = preSolution
		StartupItem = iOS\QookleApp.iOS.csproj
	EndGlobalSection
EndGlobal
