
Microsoft Visual Studio Solution File, Format Version 12.00
# Visual Studio 2012
Project("{FAE04EC0-301F-11D3-BF4B-00C04F79EFBC}") = "QookleApp", "QookleApp\QookleApp.csproj", "{4E66386F-BFFA-470D-939C-6DAF81F9C03F}"
EndProject
Project("{FAE04EC0-301F-11D3-BF4B-00C04F79EFBC}") = "QookleApp.iOS", "iOS\QookleApp.iOS.csproj", "{95103682-64F6-427C-BD31-9CCF62A78C5A}"
EndProject
Project("{FAE04EC0-301F-11D3-BF4B-00C04F79EFBC}") = "QookleApp.Android", "Android\QookleApp.Android.csproj", "{0191C4AF-D09D-4C32-9220-121CA66223A4}"
EndProject
Project("{FAE04EC0-301F-11D3-BF4B-00C04F79EFBC}") = "QookleApp.WP", "QookleApp.WP\QookleApp.WP.csproj", "{6B280362-2E25-46D8-8B07-87A17D853E11}"
EndProject
Global
	GlobalSection(SolutionConfigurationPlatforms) = preSolution
		Ad-Hoc|Any CPU = Ad-Hoc|Any CPU
		Ad-Hoc|ARM = Ad-Hoc|ARM
		Ad-Hoc|iPhone = Ad-Hoc|iPhone
		Ad-Hoc|iPhoneSimulator = Ad-Hoc|iPhoneSimulator
		Ad-Hoc|Mixed Platforms = Ad-Hoc|Mixed Platforms
		Ad-Hoc|x86 = Ad-Hoc|x86
		AppStore|Any CPU = AppStore|Any CPU
		AppStore|ARM = AppStore|ARM
		AppStore|iPhone = AppStore|iPhone
		AppStore|iPhoneSimulator = AppStore|iPhoneSimulator
		AppStore|Mixed Platforms = AppStore|Mixed Platforms
		AppStore|x86 = AppStore|x86
		Debug|Any CPU = Debug|Any CPU
		Debug|ARM = Debug|ARM
		Debug|iPhone = Debug|iPhone
		Debug|iPhoneSimulator = Debug|iPhoneSimulator
		Debug|Mixed Platforms = Debug|Mixed Platforms
		Debug|x86 = Debug|x86
		Release|Any CPU = Release|Any CPU
		Release|ARM = Release|ARM
		Release|iPhone = Release|iPhone
		Release|iPhoneSimulator = Release|iPhoneSimulator
		Release|Mixed Platforms = Release|Mixed Platforms
		Release|x86 = Release|x86
	EndGlobalSection
	GlobalSection(ProjectConfigurationPlatforms) = postSolution
		{0191C4AF-D09D-4C32-9220-121CA66223A4}.Ad-Hoc|Any CPU.ActiveCfg = Release|Any CPU
		{0191C4AF-D09D-4C32-9220-121CA66223A4}.Ad-Hoc|Any CPU.Build.0 = Release|Any CPU
		{0191C4AF-D09D-4C32-9220-121CA66223A4}.Ad-Hoc|Any CPU.Deploy.0 = Release|Any CPU
		{0191C4AF-D09D-4C32-9220-121CA66223A4}.Ad-Hoc|ARM.ActiveCfg = Release|Any CPU
		{0191C4AF-D09D-4C32-9220-121CA66223A4}.Ad-Hoc|iPhone.ActiveCfg = Release|Any CPU
		{0191C4AF-D09D-4C32-9220-121CA66223A4}.Ad-Hoc|iPhoneSimulator.ActiveCfg = Release|Any CPU
		{0191C4AF-D09D-4C32-9220-121CA66223A4}.Ad-Hoc|Mixed Platforms.ActiveCfg = Release|Any CPU
		{0191C4AF-D09D-4C32-9220-121CA66223A4}.Ad-Hoc|Mixed Platforms.Build.0 = Release|Any CPU
		{0191C4AF-D09D-4C32-9220-121CA66223A4}.Ad-Hoc|Mixed Platforms.Deploy.0 = Release|Any CPU
		{0191C4AF-D09D-4C32-9220-121CA66223A4}.Ad-Hoc|x86.ActiveCfg = Release|Any CPU
		{0191C4AF-D09D-4C32-9220-121CA66223A4}.AppStore|Any CPU.ActiveCfg = Release|Any CPU
		{0191C4AF-D09D-4C32-9220-121CA66223A4}.AppStore|Any CPU.Build.0 = Release|Any CPU
		{0191C4AF-D09D-4C32-9220-121CA66223A4}.AppStore|Any CPU.Deploy.0 = Release|Any CPU
		{0191C4AF-D09D-4C32-9220-121CA66223A4}.AppStore|ARM.ActiveCfg = Release|Any CPU
		{0191C4AF-D09D-4C32-9220-121CA66223A4}.AppStore|iPhone.ActiveCfg = Release|Any CPU
		{0191C4AF-D09D-4C32-9220-121CA66223A4}.AppStore|iPhoneSimulator.ActiveCfg = Release|Any CPU
		{0191C4AF-D09D-4C32-9220-121CA66223A4}.AppStore|Mixed Platforms.ActiveCfg = Release|Any CPU
		{0191C4AF-D09D-4C32-9220-121CA66223A4}.AppStore|Mixed Platforms.Build.0 = Release|Any CPU
		{0191C4AF-D09D-4C32-9220-121CA66223A4}.AppStore|Mixed Platforms.Deploy.0 = Release|Any CPU
		{0191C4AF-D09D-4C32-9220-121CA66223A4}.AppStore|x86.ActiveCfg = Release|Any CPU
		{0191C4AF-D09D-4C32-9220-121CA66223A4}.Debug|Any CPU.ActiveCfg = Debug|Any CPU
		{0191C4AF-D09D-4C32-9220-121CA66223A4}.Debug|Any CPU.Build.0 = Debug|Any CPU
		{0191C4AF-D09D-4C32-9220-121CA66223A4}.Debug|Any CPU.Deploy.0 = Debug|Any CPU
		{0191C4AF-D09D-4C32-9220-121CA66223A4}.Debug|ARM.ActiveCfg = Debug|Any CPU
		{0191C4AF-D09D-4C32-9220-121CA66223A4}.Debug|iPhone.ActiveCfg = Debug|Any CPU
		{0191C4AF-D09D-4C32-9220-121CA66223A4}.Debug|iPhoneSimulator.ActiveCfg = Debug|Any CPU
		{0191C4AF-D09D-4C32-9220-121CA66223A4}.Debug|Mixed Platforms.ActiveCfg = Debug|Any CPU
		{0191C4AF-D09D-4C32-9220-121CA66223A4}.Debug|Mixed Platforms.Build.0 = Debug|Any CPU
		{0191C4AF-D09D-4C32-9220-121CA66223A4}.Debug|Mixed Platforms.Deploy.0 = Debug|Any CPU
		{0191C4AF-D09D-4C32-9220-121CA66223A4}.Debug|x86.ActiveCfg = Debug|Any CPU
		{0191C4AF-D09D-4C32-9220-121CA66223A4}.Release|Any CPU.ActiveCfg = Release|Any CPU
		{0191C4AF-D09D-4C32-9220-121CA66223A4}.Release|Any CPU.Build.0 = Release|Any CPU
		{0191C4AF-D09D-4C32-9220-121CA66223A4}.Release|Any CPU.Deploy.0 = Release|Any CPU
		{0191C4AF-D09D-4C32-9220-121CA66223A4}.Release|ARM.ActiveCfg = Release|Any CPU
		{0191C4AF-D09D-4C32-9220-121CA66223A4}.Release|iPhone.ActiveCfg = Release|Any CPU
		{0191C4AF-D09D-4C32-9220-121CA66223A4}.Release|iPhoneSimulator.ActiveCfg = Release|Any CPU
		{0191C4AF-D09D-4C32-9220-121CA66223A4}.Release|Mixed Platforms.ActiveCfg = Release|Any CPU
		{0191C4AF-D09D-4C32-9220-121CA66223A4}.Release|Mixed Platforms.Build.0 = Release|Any CPU
		{0191C4AF-D09D-4C32-9220-121CA66223A4}.Release|Mixed Platforms.Deploy.0 = Release|Any CPU
		{0191C4AF-D09D-4C32-9220-121CA66223A4}.Release|x86.ActiveCfg = Release|Any CPU
		{4E66386F-BFFA-470D-939C-6DAF81F9C03F}.Ad-Hoc|Any CPU.ActiveCfg = Release|Any CPU
		{4E66386F-BFFA-470D-939C-6DAF81F9C03F}.Ad-Hoc|ARM.ActiveCfg = Debug|Any CPU
		{4E66386F-BFFA-470D-939C-6DAF81F9C03F}.Ad-Hoc|iPhone.ActiveCfg = Debug|Any CPU
		{4E66386F-BFFA-470D-939C-6DAF81F9C03F}.Ad-Hoc|iPhone.Build.0 = Debug|Any CPU
		{4E66386F-BFFA-470D-939C-6DAF81F9C03F}.Ad-Hoc|iPhoneSimulator.ActiveCfg = Release|Any CPU
		{4E66386F-BFFA-470D-939C-6DAF81F9C03F}.Ad-Hoc|Mixed Platforms.ActiveCfg = Debug|Any CPU
		{4E66386F-BFFA-470D-939C-6DAF81F9C03F}.Ad-Hoc|Mixed Platforms.Build.0 = Debug|Any CPU
		{4E66386F-BFFA-470D-939C-6DAF81F9C03F}.Ad-Hoc|x86.ActiveCfg = Debug|Any CPU
		{4E66386F-BFFA-470D-939C-6DAF81F9C03F}.AppStore|Any CPU.ActiveCfg = Release|Any CPU
		{4E66386F-BFFA-470D-939C-6DAF81F9C03F}.AppStore|ARM.ActiveCfg = Debug|Any CPU
		{4E66386F-BFFA-470D-939C-6DAF81F9C03F}.AppStore|iPhone.ActiveCfg = Debug|Any CPU
		{4E66386F-BFFA-470D-939C-6DAF81F9C03F}.AppStore|iPhone.Build.0 = Debug|Any CPU
		{4E66386F-BFFA-470D-939C-6DAF81F9C03F}.AppStore|iPhoneSimulator.ActiveCfg = Release|Any CPU
		{4E66386F-BFFA-470D-939C-6DAF81F9C03F}.AppStore|Mixed Platforms.ActiveCfg = Debug|Any CPU
		{4E66386F-BFFA-470D-939C-6DAF81F9C03F}.AppStore|Mixed Platforms.Build.0 = Debug|Any CPU
		{4E66386F-BFFA-470D-939C-6DAF81F9C03F}.AppStore|x86.ActiveCfg = Debug|Any CPU
		{4E66386F-BFFA-470D-939C-6DAF81F9C03F}.Debug|Any CPU.ActiveCfg = Debug|Any CPU
		{4E66386F-BFFA-470D-939C-6DAF81F9C03F}.Debug|Any CPU.Build.0 = Debug|Any CPU
		{4E66386F-BFFA-470D-939C-6DAF81F9C03F}.Debug|ARM.ActiveCfg = Debug|Any CPU
		{4E66386F-BFFA-470D-939C-6DAF81F9C03F}.Debug|iPhone.ActiveCfg = Debug|Any CPU
		{4E66386F-BFFA-470D-939C-6DAF81F9C03F}.Debug|iPhone.Build.0 = Debug|Any CPU
		{4E66386F-BFFA-470D-939C-6DAF81F9C03F}.Debug|iPhoneSimulator.ActiveCfg = Debug|Any CPU
		{4E66386F-BFFA-470D-939C-6DAF81F9C03F}.Debug|iPhoneSimulator.Build.0 = Debug|Any CPU
		{4E66386F-BFFA-470D-939C-6DAF81F9C03F}.Debug|Mixed Platforms.ActiveCfg = Debug|Any CPU
		{4E66386F-BFFA-470D-939C-6DAF81F9C03F}.Debug|Mixed Platforms.Build.0 = Debug|Any CPU
		{4E66386F-BFFA-470D-939C-6DAF81F9C03F}.Debug|x86.ActiveCfg = Debug|Any CPU
		{4E66386F-BFFA-470D-939C-6DAF81F9C03F}.Release|Any CPU.ActiveCfg = Release|Any CPU
		{4E66386F-BFFA-470D-939C-6DAF81F9C03F}.Release|Any CPU.Build.0 = Release|Any CPU
		{4E66386F-BFFA-470D-939C-6DAF81F9C03F}.Release|ARM.ActiveCfg = Release|Any CPU
		{4E66386F-BFFA-470D-939C-6DAF81F9C03F}.Release|iPhone.ActiveCfg = Release|Any CPU
		{4E66386F-BFFA-470D-939C-6DAF81F9C03F}.Release|iPhone.Build.0 = Release|Any CPU
		{4E66386F-BFFA-470D-939C-6DAF81F9C03F}.Release|iPhoneSimulator.ActiveCfg = Release|Any CPU
		{4E66386F-BFFA-470D-939C-6DAF81F9C03F}.Release|iPhoneSimulator.Build.0 = Release|Any CPU
		{4E66386F-BFFA-470D-939C-6DAF81F9C03F}.Release|Mixed Platforms.ActiveCfg = Release|Any CPU
		{4E66386F-BFFA-470D-939C-6DAF81F9C03F}.Release|Mixed Platforms.Build.0 = Release|Any CPU
		{4E66386F-BFFA-470D-939C-6DAF81F9C03F}.Release|x86.ActiveCfg = Release|Any CPU
		{6B280362-2E25-46D8-8B07-87A17D853E11}.Ad-Hoc|Any CPU.ActiveCfg = Release|Any CPU
		{6B280362-2E25-46D8-8B07-87A17D853E11}.Ad-Hoc|Any CPU.Build.0 = Release|Any CPU
		{6B280362-2E25-46D8-8B07-87A17D853E11}.Ad-Hoc|Any CPU.Deploy.0 = Release|Any CPU
		{6B280362-2E25-46D8-8B07-87A17D853E11}.Ad-Hoc|ARM.ActiveCfg = Release|ARM
		{6B280362-2E25-46D8-8B07-87A17D853E11}.Ad-Hoc|ARM.Build.0 = Release|ARM
		{6B280362-2E25-46D8-8B07-87A17D853E11}.Ad-Hoc|ARM.Deploy.0 = Release|ARM
		{6B280362-2E25-46D8-8B07-87A17D853E11}.Ad-Hoc|iPhone.ActiveCfg = Release|Any CPU
		{6B280362-2E25-46D8-8B07-87A17D853E11}.Ad-Hoc|iPhoneSimulator.ActiveCfg = Release|Any CPU
		{6B280362-2E25-46D8-8B07-87A17D853E11}.Ad-Hoc|Mixed Platforms.ActiveCfg = Release|x86
		{6B280362-2E25-46D8-8B07-87A17D853E11}.Ad-Hoc|Mixed Platforms.Build.0 = Release|x86
		{6B280362-2E25-46D8-8B07-87A17D853E11}.Ad-Hoc|Mixed Platforms.Deploy.0 = Release|x86
		{6B280362-2E25-46D8-8B07-87A17D853E11}.Ad-Hoc|x86.ActiveCfg = Release|x86
		{6B280362-2E25-46D8-8B07-87A17D853E11}.Ad-Hoc|x86.Build.0 = Release|x86
		{6B280362-2E25-46D8-8B07-87A17D853E11}.Ad-Hoc|x86.Deploy.0 = Release|x86
		{6B280362-2E25-46D8-8B07-87A17D853E11}.AppStore|Any CPU.ActiveCfg = Release|Any CPU
		{6B280362-2E25-46D8-8B07-87A17D853E11}.AppStore|Any CPU.Build.0 = Release|Any CPU
		{6B280362-2E25-46D8-8B07-87A17D853E11}.AppStore|Any CPU.Deploy.0 = Release|Any CPU
		{6B280362-2E25-46D8-8B07-87A17D853E11}.AppStore|ARM.ActiveCfg = Release|ARM
		{6B280362-2E25-46D8-8B07-87A17D853E11}.AppStore|ARM.Build.0 = Release|ARM
		{6B280362-2E25-46D8-8B07-87A17D853E11}.AppStore|ARM.Deploy.0 = Release|ARM
		{6B280362-2E25-46D8-8B07-87A17D853E11}.AppStore|iPhone.ActiveCfg = Release|Any CPU
		{6B280362-2E25-46D8-8B07-87A17D853E11}.AppStore|iPhoneSimulator.ActiveCfg = Release|Any CPU
		{6B280362-2E25-46D8-8B07-87A17D853E11}.AppStore|Mixed Platforms.ActiveCfg = Release|x86
		{6B280362-2E25-46D8-8B07-87A17D853E11}.AppStore|Mixed Platforms.Build.0 = Release|x86
		{6B280362-2E25-46D8-8B07-87A17D853E11}.AppStore|Mixed Platforms.Deploy.0 = Release|x86
		{6B280362-2E25-46D8-8B07-87A17D853E11}.AppStore|x86.ActiveCfg = Release|x86
		{6B280362-2E25-46D8-8B07-87A17D853E11}.AppStore|x86.Build.0 = Release|x86
		{6B280362-2E25-46D8-8B07-87A17D853E11}.AppStore|x86.Deploy.0 = Release|x86
		{6B280362-2E25-46D8-8B07-87A17D853E11}.Debug|Any CPU.ActiveCfg = Debug|Any CPU
		{6B280362-2E25-46D8-8B07-87A17D853E11}.Debug|Any CPU.Build.0 = Debug|Any CPU
		{6B280362-2E25-46D8-8B07-87A17D853E11}.Debug|Any CPU.Deploy.0 = Debug|Any CPU
		{6B280362-2E25-46D8-8B07-87A17D853E11}.Debug|ARM.ActiveCfg = Debug|ARM
		{6B280362-2E25-46D8-8B07-87A17D853E11}.Debug|ARM.Build.0 = Debug|ARM
		{6B280362-2E25-46D8-8B07-87A17D853E11}.Debug|ARM.Deploy.0 = Debug|ARM
		{6B280362-2E25-46D8-8B07-87A17D853E11}.Debug|iPhone.ActiveCfg = Debug|Any CPU
		{6B280362-2E25-46D8-8B07-87A17D853E11}.Debug|iPhoneSimulator.ActiveCfg = Debug|Any CPU
		{6B280362-2E25-46D8-8B07-87A17D853E11}.Debug|Mixed Platforms.ActiveCfg = Debug|x86
		{6B280362-2E25-46D8-8B07-87A17D853E11}.Debug|Mixed Platforms.Build.0 = Debug|x86
		{6B280362-2E25-46D8-8B07-87A17D853E11}.Debug|Mixed Platforms.Deploy.0 = Debug|x86
		{6B280362-2E25-46D8-8B07-87A17D853E11}.Debug|x86.ActiveCfg = Debug|x86
		{6B280362-2E25-46D8-8B07-87A17D853E11}.Debug|x86.Build.0 = Debug|x86
		{6B280362-2E25-46D8-8B07-87A17D853E11}.Debug|x86.Deploy.0 = Debug|x86
		{6B280362-2E25-46D8-8B07-87A17D853E11}.Release|Any CPU.ActiveCfg = Release|Any CPU
		{6B280362-2E25-46D8-8B07-87A17D853E11}.Release|Any CPU.Build.0 = Release|Any CPU
		{6B280362-2E25-46D8-8B07-87A17D853E11}.Release|Any CPU.Deploy.0 = Release|Any CPU
		{6B280362-2E25-46D8-8B07-87A17D853E11}.Release|ARM.ActiveCfg = Release|ARM
		{6B280362-2E25-46D8-8B07-87A17D853E11}.Release|ARM.Build.0 = Release|ARM
		{6B280362-2E25-46D8-8B07-87A17D853E11}.Release|ARM.Deploy.0 = Release|ARM
		{6B280362-2E25-46D8-8B07-87A17D853E11}.Release|iPhone.ActiveCfg = Release|Any CPU
		{6B280362-2E25-46D8-8B07-87A17D853E11}.Release|iPhoneSimulator.ActiveCfg = Release|Any CPU
		{6B280362-2E25-46D8-8B07-87A17D853E11}.Release|Mixed Platforms.ActiveCfg = Release|x86
		{6B280362-2E25-46D8-8B07-87A17D853E11}.Release|Mixed Platforms.Build.0 = Release|x86
		{6B280362-2E25-46D8-8B07-87A17D853E11}.Release|Mixed Platforms.Deploy.0 = Release|x86
		{6B280362-2E25-46D8-8B07-87A17D853E11}.Release|x86.ActiveCfg = Release|x86
		{6B280362-2E25-46D8-8B07-87A17D853E11}.Release|x86.Build.0 = Release|x86
		{6B280362-2E25-46D8-8B07-87A17D853E11}.Release|x86.Deploy.0 = Release|x86
		{95103682-64F6-427C-BD31-9CCF62A78C5A}.Ad-Hoc|Any CPU.ActiveCfg = Ad-Hoc|iPhone
		{95103682-64F6-427C-BD31-9CCF62A78C5A}.Ad-Hoc|ARM.ActiveCfg = Ad-Hoc|iPhoneSimulator
		{95103682-64F6-427C-BD31-9CCF62A78C5A}.Ad-Hoc|iPhone.ActiveCfg = Ad-Hoc|iPhone
		{95103682-64F6-427C-BD31-9CCF62A78C5A}.Ad-Hoc|iPhone.Build.0 = Ad-Hoc|iPhone
		{95103682-64F6-427C-BD31-9CCF62A78C5A}.Ad-Hoc|iPhoneSimulator.ActiveCfg = Ad-Hoc|iPhone
		{95103682-64F6-427C-BD31-9CCF62A78C5A}.Ad-Hoc|Mixed Platforms.ActiveCfg = Ad-Hoc|iPhoneSimulator
		{95103682-64F6-427C-BD31-9CCF62A78C5A}.Ad-Hoc|Mixed Platforms.Build.0 = Ad-Hoc|iPhoneSimulator
		{95103682-64F6-427C-BD31-9CCF62A78C5A}.Ad-Hoc|x86.ActiveCfg = Ad-Hoc|iPhoneSimulator
		{95103682-64F6-427C-BD31-9CCF62A78C5A}.AppStore|Any CPU.ActiveCfg = AppStore|iPhone
		{95103682-64F6-427C-BD31-9CCF62A78C5A}.AppStore|ARM.ActiveCfg = AppStore|iPhoneSimulator
		{95103682-64F6-427C-BD31-9CCF62A78C5A}.AppStore|iPhone.ActiveCfg = AppStore|iPhone
		{95103682-64F6-427C-BD31-9CCF62A78C5A}.AppStore|iPhone.Build.0 = AppStore|iPhone
		{95103682-64F6-427C-BD31-9CCF62A78C5A}.AppStore|iPhoneSimulator.ActiveCfg = AppStore|iPhone
		{95103682-64F6-427C-BD31-9CCF62A78C5A}.AppStore|Mixed Platforms.ActiveCfg = AppStore|iPhoneSimulator
		{95103682-64F6-427C-BD31-9CCF62A78C5A}.AppStore|Mixed Platforms.Build.0 = AppStore|iPhoneSimulator
		{95103682-64F6-427C-BD31-9CCF62A78C5A}.AppStore|x86.ActiveCfg = AppStore|iPhoneSimulator
		{95103682-64F6-427C-BD31-9CCF62A78C5A}.Debug|Any CPU.ActiveCfg = Debug|iPhoneSimulator
		{95103682-64F6-427C-BD31-9CCF62A78C5A}.Debug|Any CPU.Build.0 = Debug|iPhoneSimulator
		{95103682-64F6-427C-BD31-9CCF62A78C5A}.Debug|ARM.ActiveCfg = Debug|iPhone
		{95103682-64F6-427C-BD31-9CCF62A78C5A}.Debug|iPhone.ActiveCfg = Debug|iPhone
		{95103682-64F6-427C-BD31-9CCF62A78C5A}.Debug|iPhone.Build.0 = Debug|iPhone
		{95103682-64F6-427C-BD31-9CCF62A78C5A}.Debug|iPhoneSimulator.ActiveCfg = Debug|iPhoneSimulator
		{95103682-64F6-427C-BD31-9CCF62A78C5A}.Debug|iPhoneSimulator.Build.0 = Debug|iPhoneSimulator
		{95103682-64F6-427C-BD31-9CCF62A78C5A}.Debug|Mixed Platforms.ActiveCfg = Debug|iPhone
		{95103682-64F6-427C-BD31-9CCF62A78C5A}.Debug|Mixed Platforms.Build.0 = Debug|iPhone
		{95103682-64F6-427C-BD31-9CCF62A78C5A}.Debug|x86.ActiveCfg = Debug|iPhone
		{95103682-64F6-427C-BD31-9CCF62A78C5A}.Release|Any CPU.ActiveCfg = Release|iPhoneSimulator
		{95103682-64F6-427C-BD31-9CCF62A78C5A}.Release|Any CPU.Build.0 = Release|iPhoneSimulator
		{95103682-64F6-427C-BD31-9CCF62A78C5A}.Release|ARM.ActiveCfg = Release|iPhone
		{95103682-64F6-427C-BD31-9CCF62A78C5A}.Release|iPhone.ActiveCfg = Release|iPhone
		{95103682-64F6-427C-BD31-9CCF62A78C5A}.Release|iPhone.Build.0 = Release|iPhone
		{95103682-64F6-427C-BD31-9CCF62A78C5A}.Release|iPhoneSimulator.ActiveCfg = Release|iPhoneSimulator
		{95103682-64F6-427C-BD31-9CCF62A78C5A}.Release|iPhoneSimulator.Build.0 = Release|iPhoneSimulator
		{95103682-64F6-427C-BD31-9CCF62A78C5A}.Release|Mixed Platforms.ActiveCfg = Release|iPhone
		{95103682-64F6-427C-BD31-9CCF62A78C5A}.Release|Mixed Platforms.Build.0 = Release|iPhone
		{95103682-64F6-427C-BD31-9CCF62A78C5A}.Release|x86.ActiveCfg = Release|iPhone
	EndGlobalSection
	GlobalSection(MonoDevelopProperties) = preSolution
		StartupItem = iOS\QookleApp.iOS.csproj
	EndGlobalSection
	GlobalSection(SolutionProperties) = preSolution
		HideSolutionNode = FALSE
	EndGlobalSection
EndGlobal
